
Microsoft Visual Studio Solution File, Format Version 12.00
# Visual Studio 15
VisualStudioVersion = 15.0.26430.16
MinimumVisualStudioVersion = 10.0.40219.1
Project("{FAE04EC0-301F-11D3-BF4B-00C04F79EFBC}") = "Hello", "Hello\Hello.csproj", "{43D3A9D9-D831-46CD-BE33-1DE6770DB406}"
EndProject
Project("{FAE04EC0-301F-11D3-BF4B-00C04F79EFBC}") = "OOdemot", "OOdemot\OOdemot.csproj", "{647E5B70-F18B-4837-8A73-4FCAFA7B4CB9}"
EndProject
Project("{FAE04EC0-301F-11D3-BF4B-00C04F79EFBC}") = "Labra01", "Labra01\Labra01.csproj", "{4CEAA50A-77FE-4B36-AF6C-4EE28C2BE47B}"
EndProject
Project("{FAE04EC0-301F-11D3-BF4B-00C04F79EFBC}") = "Labra02", "Labra02\Labra02.csproj", "{79BFED52-0BFD-4853-856A-AB67E16FD2F4}"
EndProject
Project("{FAE04EC0-301F-11D3-BF4B-00C04F79EFBC}") = "Labra03", "Labra03\Labra03.csproj", "{3279C0F7-DCB4-4D3F-BF4B-EA0CC8197732}"
EndProject
Project("{FAE04EC0-301F-11D3-BF4B-00C04F79EFBC}") = "Labra04", "Labra04\Labra04.csproj", "{F6D09C65-9936-4A5E-B6BF-89A428A59757}"
EndProject
Project("{FAE04EC0-301F-11D3-BF4B-00C04F79EFBC}") = "MiniASIO", "Labra05\MiniASIO.csproj", "{838426B8-F92A-41B4-B8C6-EC8ECC203C4F}"
EndProject
Global
	GlobalSection(SolutionConfigurationPlatforms) = preSolution
		Debug|Any CPU = Debug|Any CPU
		Release|Any CPU = Release|Any CPU
	EndGlobalSection
	GlobalSection(ProjectConfigurationPlatforms) = postSolution
		{43D3A9D9-D831-46CD-BE33-1DE6770DB406}.Debug|Any CPU.ActiveCfg = Debug|Any CPU
		{43D3A9D9-D831-46CD-BE33-1DE6770DB406}.Debug|Any CPU.Build.0 = Debug|Any CPU
		{43D3A9D9-D831-46CD-BE33-1DE6770DB406}.Release|Any CPU.ActiveCfg = Release|Any CPU
		{43D3A9D9-D831-46CD-BE33-1DE6770DB406}.Release|Any CPU.Build.0 = Release|Any CPU
		{647E5B70-F18B-4837-8A73-4FCAFA7B4CB9}.Debug|Any CPU.ActiveCfg = Debug|Any CPU
		{647E5B70-F18B-4837-8A73-4FCAFA7B4CB9}.Debug|Any CPU.Build.0 = Debug|Any CPU
		{647E5B70-F18B-4837-8A73-4FCAFA7B4CB9}.Release|Any CPU.ActiveCfg = Release|Any CPU
		{647E5B70-F18B-4837-8A73-4FCAFA7B4CB9}.Release|Any CPU.Build.0 = Release|Any CPU
		{4CEAA50A-77FE-4B36-AF6C-4EE28C2BE47B}.Debug|Any CPU.ActiveCfg = Debug|Any CPU
		{4CEAA50A-77FE-4B36-AF6C-4EE28C2BE47B}.Debug|Any CPU.Build.0 = Debug|Any CPU
		{4CEAA50A-77FE-4B36-AF6C-4EE28C2BE47B}.Release|Any CPU.ActiveCfg = Release|Any CPU
		{4CEAA50A-77FE-4B36-AF6C-4EE28C2BE47B}.Release|Any CPU.Build.0 = Release|Any CPU
		{79BFED52-0BFD-4853-856A-AB67E16FD2F4}.Debug|Any CPU.ActiveCfg = Debug|Any CPU
		{79BFED52-0BFD-4853-856A-AB67E16FD2F4}.Debug|Any CPU.Build.0 = Debug|Any CPU
		{79BFED52-0BFD-4853-856A-AB67E16FD2F4}.Release|Any CPU.ActiveCfg = Release|Any CPU
		{79BFED52-0BFD-4853-856A-AB67E16FD2F4}.Release|Any CPU.Build.0 = Release|Any CPU
		{3279C0F7-DCB4-4D3F-BF4B-EA0CC8197732}.Debug|Any CPU.ActiveCfg = Debug|Any CPU
		{3279C0F7-DCB4-4D3F-BF4B-EA0CC8197732}.Debug|Any CPU.Build.0 = Debug|Any CPU
		{3279C0F7-DCB4-4D3F-BF4B-EA0CC8197732}.Release|Any CPU.ActiveCfg = Release|Any CPU
		{3279C0F7-DCB4-4D3F-BF4B-EA0CC8197732}.Release|Any CPU.Build.0 = Release|Any CPU
		{F6D09C65-9936-4A5E-B6BF-89A428A59757}.Debug|Any CPU.ActiveCfg = Debug|Any CPU
		{F6D09C65-9936-4A5E-B6BF-89A428A59757}.Debug|Any CPU.Build.0 = Debug|Any CPU
		{F6D09C65-9936-4A5E-B6BF-89A428A59757}.Release|Any CPU.ActiveCfg = Release|Any CPU
		{F6D09C65-9936-4A5E-B6BF-89A428A59757}.Release|Any CPU.Build.0 = Release|Any CPU
		{838426B8-F92A-41B4-B8C6-EC8ECC203C4F}.Debug|Any CPU.ActiveCfg = Debug|Any CPU
		{838426B8-F92A-41B4-B8C6-EC8ECC203C4F}.Debug|Any CPU.Build.0 = Debug|Any CPU
		{838426B8-F92A-41B4-B8C6-EC8ECC203C4F}.Release|Any CPU.ActiveCfg = Release|Any CPU
		{838426B8-F92A-41B4-B8C6-EC8ECC203C4F}.Release|Any CPU.Build.0 = Release|Any CPU
	EndGlobalSection
	GlobalSection(SolutionProperties) = preSolution
		HideSolutionNode = FALSE
	EndGlobalSection
EndGlobal
